{
    "name": "vectory-setup",
    "version": "1.0.0",
    "lockfileVersion": 3,
    "requires": true,
    "packages": {
        "": {
            "name": "vectory-setup",
            "version": "1.0.0",
            "dependencies": {
                "@mediapipe/tasks-text": "^0.10.0"
            }
        },
        "node_modules/@mediapipe/tasks-text": {
            "version": "0.10.32",
            "resolved": "https://registry.npmjs.org/@mediapipe/tasks-text/-/tasks-text-0.10.32.tgz",
            "integrity": "sha512-Y6Rat3Fk/HZkdXfneRat9i0L9g1xxQr82MXMSyekWZpVjvxRjF3GUkZDbrJEmTSo+LaFB8wZf77vgore0mc8Mw==",
            "license": "Apache-2.0"
        }
    }
}
